{
  "name": "colortheorist",
  "version": "1.0.0",
  "lockfileVersion": 1,
  "requires": true,
  "dependencies": {
    "pure-color": {
      "version": "1.3.0",
      "resolved": "https://registry.npmjs.org/pure-color/-/pure-color-1.3.0.tgz",
      "integrity": "sha1-H+Bk+wrIUfDeYTIKi/eWg2Qi8z4="
    },
    "reinvented-color-wheel": {
      "version": "0.3.1",
      "resolved": "https://registry.npmjs.org/reinvented-color-wheel/-/reinvented-color-wheel-0.3.1.tgz",
      "integrity": "sha512-x0t8V9A+odKUvobooC1wXo0n8mNj5Jh53Xr7MZDJRZyHzubQQuv6Zx8P2I4ITP387CK6JI+qAkmtdqkCvbFuvw==",
      "requires": {
        "pure-color": "^1.3.0"
      }
    }
  }
}
